// !$*UTF8*$!
{
	archiveVersion = 1;
	classes = {
	};
	objectVersion = 56;
	objects = {

/* Begin PBXBuildFile section */
		FF5A2B292FCF46AE0065B708 /* ColorExtension.swift in Sources */ = {isa = PBXBuildFile; fileRef = FF5A2B282FCF46AE0065B708 /* ColorExtension.swift */; };
		FF5A2B2B2FCF49CC0065B708 /* HabitStore.swift in Sources */ = {isa = PBXBuildFile; fileRef = FF5A2B2A2FCF49CB0065B708 /* HabitStore.swift */; };
		FFB2C8432FB254EC004CC593 /* HabitChallengeApp.swift in Sources */ = {isa = PBXBuildFile; fileRef = FFB2C8422FB254EC004CC593 /* HabitChallengeApp.swift */; };
		FFB2C8452FB254EC004CC593 /* MainView.swift in Sources */ = {isa = PBXBuildFile; fileRef = FFB2C8442FB254EC004CC593 /* MainView.swift */; };
		FFB2C8472FB254F5004CC593 /* Assets.xcassets in Resources */ = {isa = PBXBuildFile; fileRef = FFB2C8462FB254F5004CC593 /* Assets.xcassets */; };
		FFB2C84A2FB254F5004CC593 /* Preview Assets.xcassets in Resources */ = {isa = PBXBuildFile; fileRef = FFB2C8492FB254F5004CC593 /* Preview Assets.xcassets */; };
		FFB8ECEB2FD0856100E42F7A /* HabitItem.swift in Sources */ = {isa = PBXBuildFile; fileRef = FFB8ECEA2FD0856100E42F7A /* HabitItem.swift */; };
		FFB8ECED2FD0869A00E42F7A /* HabitFrequency.swift in Sources */ = {isa = PBXBuildFile; fileRef = FFB8ECEC2FD0869A00E42F7A /* HabitFrequency.swift */; };
		FFB8ECEF2FD088D400E42F7A /* HabitType.swift in Sources */ = {isa = PBXBuildFile; fileRef = FFB8ECEE2FD088D400E42F7A /* HabitType.swift */; };
		FFB8ECF12FD0897500E42F7A /* AddHabitView.swift in Sources */ = {isa = PBXBuildFile; fileRef = FFB8ECF02FD0897500E42F7A /* AddHabitView.swift */; };
		FFB8ECF32FD08A1B00E42F7A /* HabitDetailView.swift in Sources */ = {isa = PBXBuildFile; fileRef = FFB8ECF22FD08A1B00E42F7A /* HabitDetailView.swift */; };
		FFB8ECF52FD08F3900E42F7A /* EditHabitView.swift in Sources */ = {isa = PBXBuildFile; fileRef = FFB8ECF42FD08F3900E42F7A /* EditHabitView.swift */; };
/* End PBXBuildFile section */

/* Begin PBXFileReference section */
		FF5A2B282FCF46AE0065B708 /* ColorExtension.swift */ = {isa = PBXFileReference; lastKnownFileType = sourcecode.swift; path = ColorExtension.swift; sourceTree = "<group>"; };
		FF5A2B2A2FCF49CB0065B708 /* HabitStore.swift */ = {isa = PBXFileReference; lastKnownFileType = sourcecode.swift; path = HabitStore.swift; sourceTree = "<group>"; };
		FFB2C83F2FB254EC004CC593 /* HabitChallenge.app */ = {isa = PBXFileReference; explicitFileType = wrapper.application; includeInIndex = 0; path = HabitChallenge.app; sourceTree = BUILT_PRODUCTS_DIR; };
		FFB2C8422FB254EC004CC593 /* HabitChallengeApp.swift */ = {isa = PBXFileReference; lastKnownFileType = sourcecode.swift; path = HabitChallengeApp.swift; sourceTree = "<group>"; };
		FFB2C8442FB254EC004CC593 /* MainView.swift */ = {isa = PBXFileReference; lastKnownFileType = sourcecode.swift; path = MainView.swift; sourceTree = "<group>"; };
		FFB2C8462FB254F5004CC593 /* Assets.xcassets */ = {isa = PBXFileReference; lastKnownFileType = folder.assetcatalog; path = Assets.xcassets; sourceTree = "<group>"; };
		FFB2C8492FB254F5004CC593 /* Preview Assets.xcassets */ = {isa = PBXFileReference; lastKnownFileType = folder.assetcatalog; path = "Preview Assets.xcassets"; sourceTree = "<group>"; };
		FFB8ECEA2FD0856100E42F7A /* HabitItem.swift */ = {isa = PBXFileReference; lastKnownFileType = sourcecode.swift; path = HabitItem.swift; sourceTree = "<group>"; };
		FFB8ECEC2FD0869A00E42F7A /* HabitFrequency.swift */ = {isa = PBXFileReference; lastKnownFileType = sourcecode.swift; path = HabitFrequency.swift; sourceTree = "<group>"; };
		FFB8ECEE2FD088D400E42F7A /* HabitType.swift */ = {isa = PBXFileReference; lastKnownFileType = sourcecode.swift; path = HabitType.swift; sourceTree = "<group>"; };
		FFB8ECF02FD0897500E42F7A /* AddHabitView.swift */ = {isa = PBXFileReference; lastKnownFileType = sourcecode.swift; path = AddHabitView.swift; sourceTree = "<group>"; };
		FFB8ECF22FD08A1B00E42F7A /* HabitDetailView.swift */ = {isa = PBXFileReference; lastKnownFileType = sourcecode.swift; path = HabitDetailView.swift; sourceTree = "<group>"; };
		FFB8ECF42FD08F3900E42F7A /* EditHabitView.swift */ = {isa = PBXFileReference; lastKnownFileType = sourcecode.swift; path = EditHabitView.swift; sourceTree = "<group>"; };
/* End PBXFileReference section */

/* Begin PBXFrameworksBuildPhase section */
		FFB2C83C2FB254EC004CC593 /* Frameworks */ = {
			isa = PBXFrameworksBuildPhase;
			buildActionMask = 2147483647;
			files = (
			);
			runOnlyForDeploymentPostprocessing = 0;
		};
/* End PBXFrameworksBuildPhase section */

/* Begin PBXGroup section */
		FFB2C8362FB254EC004CC593 = {
			isa = PBXGroup;
			children = (
				FFB2C8412FB254EC004CC593 /* HabitChallenge */,
				FFB2C8402FB254EC004CC593 /* Products */,
			);
			sourceTree = "<group>";
		};
		FFB2C8402FB254EC004CC593 /* Products */ = {
			isa = PBXGroup;
			children = (
				FFB2C83F2FB254EC004CC593 /* HabitChallenge.app */,
			);
			name = Products;
			sourceTree = "<group>";
		};
		FFB2C8412FB254EC004CC593 /* HabitChallenge */ = {
			isa = PBXGroup;
			children = (
				FFB2C8422FB254EC004CC593 /* HabitChallengeApp.swift */,
				FFB8ECE92FD0854400E42F7A /* Models */,
				FFB8ECE82FD0853800E42F7A /* Views */,
				FFB8ECE72FD0852100E42F7A /* Stores */,
				FFB8ECE62FD084FF00E42F7A /* Extensions */,
				FFB2C8462FB254F5004CC593 /* Assets.xcassets */,
				FFB2C8482FB254F5004CC593 /* Preview Content */,
			);
			path = HabitChallenge;
			sourceTree = "<group>";
		};
		FFB2C8482FB254F5004CC593 /* Preview Content */ = {
			isa = PBXGroup;
			children = (
				FFB2C8492FB254F5004CC593 /* Preview Assets.xcassets */,
			);
			path = "Preview Content";
			sourceTree = "<group>";
		};
		FFB8ECE62FD084FF00E42F7A /* Extensions */ = {
			isa = PBXGroup;
			children = (
				FF5A2B282FCF46AE0065B708 /* ColorExtension.swift */,
			);
			path = Extensions;
			sourceTree = "<group>";
		};
		FFB8ECE72FD0852100E42F7A /* Stores */ = {
			isa = PBXGroup;
			children = (
				FF5A2B2A2FCF49CB0065B708 /* HabitStore.swift */,
			);
			path = Stores;
			sourceTree = "<group>";
		};
		FFB8ECE82FD0853800E42F7A /* Views */ = {
			isa = PBXGroup;
			children = (
				FFB2C8442FB254EC004CC593 /* MainView.swift */,
				FFB8ECF02FD0897500E42F7A /* AddHabitView.swift */,
				FFB8ECF22FD08A1B00E42F7A /* HabitDetailView.swift */,
				FFB8ECF42FD08F3900E42F7A /* EditHabitView.swift */,
			);
			path = Views;
			sourceTree = "<group>";
		};
		FFB8ECE92FD0854400E42F7A /* Models */ = {
			isa = PBXGroup;
			children = (
				FFB8ECEA2FD0856100E42F7A /* HabitItem.swift */,
				FFB8ECEC2FD0869A00E42F7A /* HabitFrequency.swift */,
				FFB8ECEE2FD088D400E42F7A /* HabitType.swift */,
			);
			path = Models;
			sourceTree = "<group>";
		};
/* End PBXGroup section */

/* Begin PBXNativeTarget section */
		FFB2C83E2FB254EC004CC593 /* HabitChallenge */ = {
			isa = PBXNativeTarget;
			buildConfigurationList = FFB2C84D2FB254F5004CC593 /* Build configuration list for PBXNativeTarget "HabitChallenge" */;
			buildPhases = (
				FFB2C83B2FB254EC004CC593 /* Sources */,
				FFB2C83C2FB254EC004CC593 /* Frameworks */,
				FFB2C83D2FB254EC004CC593 /* Resources */,
			);
			buildRules = (
			);
			dependencies = (
			);
			name = HabitChallenge;
			productName = HabitChallenge;
			productReference = FFB2C83F2FB254EC004CC593 /* HabitChallenge.app */;
			productType = "com.apple.product-type.application";
		};
/* End PBXNativeTarget section */

/* Begin PBXProject section */
		FFB2C8372FB254EC004CC593 /* Project object */ = {
			isa = PBXProject;
			attributes = {
				BuildIndependentTargetsInParallel = 1;
				LastSwiftUpdateCheck = 1520;
				LastUpgradeCheck = 1520;
				TargetAttributes = {
					FFB2C83E2FB254EC004CC593 = {
						CreatedOnToolsVersion = 15.2;
					};
				};
			};
			buildConfigurationList = FFB2C83A2FB254EC004CC593 /* Build configuration list for PBXProject "HabitChallenge" */;
			compatibilityVersion = "Xcode 14.0";
			developmentRegion = en;
			hasScannedForEncodings = 0;
			knownRegions = (
				en,
				Base,
			);
			mainGroup = FFB2C8362FB254EC004CC593;
			productRefGroup = FFB2C8402FB254EC004CC593 /* Products */;
			projectDirPath = "";
			projectRoot = "";
			targets = (
				FFB2C83E2FB254EC004CC593 /* HabitChallenge */,
			);
		};
/* End PBXProject section */

/* Begin PBXResourcesBuildPhase section */
		FFB2C83D2FB254EC004CC593 /* Resources */ = {
			isa = PBXResourcesBuildPhase;
			buildActionMask = 2147483647;
			files = (
				FFB2C84A2FB254F5004CC593 /* Preview Assets.xcassets in Resources */,
				FFB2C8472FB254F5004CC593 /* Assets.xcassets in Resources */,
			);
			runOnlyForDeploymentPostprocessing = 0;
		};
/* End PBXResourcesBuildPhase section */

/* Begin PBXSourcesBuildPhase section */
		FFB2C83B2FB254EC004CC593 /* Sources */ = {
			isa = PBXSourcesBuildPhase;
			buildActionMask = 2147483647;
			files = (
				FF5A2B2B2FCF49CC0065B708 /* HabitStore.swift in Sources */,
				FFB8ECF12FD0897500E42F7A /* AddHabitView.swift in Sources */,
				FFB8ECF32FD08A1B00E42F7A /* HabitDetailView.swift in Sources */,
				FFB8ECF52FD08F3900E42F7A /* EditHabitView.swift in Sources */,
				FF5A2B292FCF46AE0065B708 /* ColorExtension.swift in Sources */,
				FFB8ECEB2FD0856100E42F7A /* HabitItem.swift in Sources */,
				FFB8ECEF2FD088D400E42F7A /* HabitType.swift in Sources */,
				FFB2C8452FB254EC004CC593 /* MainView.swift in Sources */,
				FFB2C8432FB254EC004CC593 /* HabitChallengeApp.swift in Sources */,
				FFB8ECED2FD0869A00E42F7A /* HabitFrequency.swift in Sources */,
			);
			runOnlyForDeploymentPostprocessing = 0;
		};
/* End PBXSourcesBuildPhase section */

/* Begin XCBuildConfiguration section */
		FFB2C84B2FB254F5004CC593 /* Debug */ = {
			isa = XCBuildConfiguration;
			buildSettings = {
				ALWAYS_SEARCH_USER_PATHS = NO;
				ASSETCATALOG_COMPILER_GENERATE_SWIFT_ASSET_SYMBOL_EXTENSIONS = YES;
				CLANG_ANALYZER_NONNULL = YES;
				CLANG_ANALYZER_NUMBER_OBJECT_CONVERSION = YES_AGGRESSIVE;
				CLANG_CXX_LANGUAGE_STANDARD = "gnu++20";
				CLANG_ENABLE_MODULES = YES;
				CLANG_ENABLE_OBJC_ARC = YES;
				CLANG_ENABLE_OBJC_WEAK = YES;
				CLANG_WARN_BLOCK_CAPTURE_AUTORELEASING = YES;
				CLANG_WARN_BOOL_CONVERSION = YES;
				CLANG_WARN_COMMA = YES;
				CLANG_WARN_CONSTANT_CONVERSION = YES;
				CLANG_WARN_DEPRECATED_OBJC_IMPLEMENTATIONS = YES;
				CLANG_WARN_DIRECT_OBJC_ISA_USAGE = YES_ERROR;
				CLANG_WARN_DOCUMENTATION_COMMENTS = YES;
				CLANG_WARN_EMPTY_BODY = YES;
				CLANG_WARN_ENUM_CONVERSION = YES;
				CLANG_WARN_INFINITE_RECURSION = YES;
				CLANG_WARN_INT_CONVERSION = YES;
				CLANG_WARN_NON_LITERAL_NULL_CONVERSION = YES;
				CLANG_WARN_OBJC_IMPLICIT_RETAIN_SELF = YES;
				CLANG_WARN_OBJC_LITERAL_CONVERSION = YES;
				CLANG_WARN_OBJC_ROOT_CLASS = YES_ERROR;
				CLANG_WARN_QUOTED_INCLUDE_IN_FRAMEWORK_HEADER = YES;
				CLANG_WARN_RANGE_LOOP_ANALYSIS = YES;
				CLANG_WARN_STRICT_PROTOTYPES = YES;
				CLANG_WARN_SUSPICIOUS_MOVE = YES;
				CLANG_WARN_UNGUARDED_AVAILABILITY = YES_AGGRESSIVE;
				CLANG_WARN_UNREACHABLE_CODE = YES;
				CLANG_WARN__DUPLICATE_METHOD_MATCH = YES;
				COPY_PHASE_STRIP = NO;
				DEBUG_INFORMATION_FORMAT = dwarf;
				ENABLE_STRICT_OBJC_MSGSEND = YES;
				ENABLE_TESTABILITY = YES;
				ENABLE_USER_SCRIPT_SANDBOXING = YES;
				GCC_C_LANGUAGE_STANDARD = gnu17;
				GCC_DYNAMIC_NO_PIC = NO;
				GCC_NO_COMMON_BLOCKS = YES;
				GCC_OPTIMIZATION_LEVEL = 0;
				GCC_PREPROCESSOR_DEFINITIONS = (
					"DEBUG=1",
					"$(inherited)",
				);
				GCC_WARN_64_TO_32_BIT_CONVERSION = YES;
				GCC_WARN_ABOUT_RETURN_TYPE = YES_ERROR;
				GCC_WARN_UNDECLARED_SELECTOR = YES;
				GCC_WARN_UNINITIALIZED_AUTOS = YES_AGGRESSIVE;
				GCC_WARN_UNUSED_FUNCTION = YES;
				GCC_WARN_UNUSED_VARIABLE = YES;
				IPHONEOS_DEPLOYMENT_TARGET = 17.2;
				LOCALIZATION_PREFERS_STRING_CATALOGS = YES;
				MTL_ENABLE_DEBUG_INFO = INCLUDE_SOURCE;
				MTL_FAST_MATH = YES;
				ONLY_ACTIVE_ARCH = YES;
				SDKROOT = iphoneos;
				SWIFT_ACTIVE_COMPILATION_CONDITIONS = "DEBUG $(inherited)";
				SWIFT_OPTIMIZATION_LEVEL = "-Onone";
			};
			name = Debug;
		};
		FFB2C84C2FB254F5004CC593 /* Release */ = {
			isa = XCBuildConfiguration;
			buildSettings = {
				ALWAYS_SEARCH_USER_PATHS = NO;
				ASSETCATALOG_COMPILER_GENERATE_SWIFT_ASSET_SYMBOL_EXTENSIONS = YES;
				CLANG_ANALYZER_NONNULL = YES;
				CLANG_ANALYZER_NUMBER_OBJECT_CONVERSION = YES_AGGRESSIVE;
				CLANG_CXX_LANGUAGE_STANDARD = "gnu++20";
				CLANG_ENABLE_MODULES = YES;
				CLANG_ENABLE_OBJC_ARC = YES;
				CLANG_ENABLE_OBJC_WEAK = YES;
				CLANG_WARN_BLOCK_CAPTURE_AUTORELEASING = YES;
				CLANG_WARN_BOOL_CONVERSION = YES;
				CLANG_WARN_COMMA = YES;
				CLANG_WARN_CONSTANT_CONVERSION = YES;
				CLANG_WARN_DEPRECATED_OBJC_IMPLEMENTATIONS = YES;
				CLANG_WARN_DIRECT_OBJC_ISA_USAGE = YES_ERROR;
				CLANG_WARN_DOCUMENTATION_COMMENTS = YES;
				CLANG_WARN_EMPTY_BODY = YES;
				CLANG_WARN_ENUM_CONVERSION = YES;
				CLANG_WARN_INFINITE_RECURSION = YES;
				CLANG_WARN_INT_CONVERSION = YES;
				CLANG_WARN_NON_LITERAL_NULL_CONVERSION = YES;
				CLANG_WARN_OBJC_IMPLICIT_RETAIN_SELF = YES;
				CLANG_WARN_OBJC_LITERAL_CONVERSION = YES;
				CLANG_WARN_OBJC_ROOT_CLASS = YES_ERROR;
				CLANG_WARN_QUOTED_INCLUDE_IN_FRAMEWORK_HEADER = YES;
				CLANG_WARN_RANGE_LOOP_ANALYSIS = YES;
				CLANG_WARN_STRICT_PROTOTYPES = YES;
				CLANG_WARN_SUSPICIOUS_MOVE = YES;
				CLANG_WARN_UNGUARDED_AVAILABILITY = YES_AGGRESSIVE;
				CLANG_WARN_UNREACHABLE_CODE = YES;
				CLANG_WARN__DUPLICATE_METHOD_MATCH = YES;
				COPY_PHASE_STRIP = NO;
				DEBUG_INFORMATION_FORMAT = "dwarf-with-dsym";
				ENABLE_NS_ASSERTIONS = NO;
				ENABLE_STRICT_OBJC_MSGSEND = YES;
				ENABLE_USER_SCRIPT_SANDBOXING = YES;
				GCC_C_LANGUAGE_STANDARD = gnu17;
				GCC_NO_COMMON_BLOCKS = YES;
				GCC_WARN_64_TO_32_BIT_CONVERSION = YES;
				GCC_WARN_ABOUT_RETURN_TYPE = YES_ERROR;
				GCC_WARN_UNDECLARED_SELECTOR = YES;
				GCC_WARN_UNINITIALIZED_AUTOS = YES_AGGRESSIVE;
				GCC_WARN_UNUSED_FUNCTION = YES;
				GCC_WARN_UNUSED_VARIABLE = YES;
				IPHONEOS_DEPLOYMENT_TARGET = 17.2;
				LOCALIZATION_PREFERS_STRING_CATALOGS = YES;
				MTL_ENABLE_DEBUG_INFO = NO;
				MTL_FAST_MATH = YES;
				SDKROOT = iphoneos;
				SWIFT_COMPILATION_MODE = wholemodule;
				VALIDATE_PRODUCT = YES;
			};
			name = Release;
		};
		FFB2C84E2FB254F5004CC593 /* Debug */ = {
			isa = XCBuildConfiguration;
			buildSettings = {
				ASSETCATALOG_COMPILER_APPICON_NAME = AppIcon;
				ASSETCATALOG_COMPILER_GLOBAL_ACCENT_COLOR_NAME = AccentColor;
				CODE_SIGN_STYLE = Automatic;
				CURRENT_PROJECT_VERSION = 1;
				DEVELOPMENT_ASSET_PATHS = "\"HabitChallenge/Preview Content\"";
				ENABLE_PREVIEWS = YES;
				GENERATE_INFOPLIST_FILE = YES;
				INFOPLIST_KEY_UIApplicationSceneManifest_Generation = YES;
				INFOPLIST_KEY_UIApplicationSupportsIndirectInputEvents = YES;
				INFOPLIST_KEY_UILaunchScreen_Generation = YES;
				INFOPLIST_KEY_UISupportedInterfaceOrientations_iPad = "UIInterfaceOrientationPortrait UIInterfaceOrientationPortraitUpsideDown UIInterfaceOrientationLandscapeLeft UIInterfaceOrientationLandscapeRight";
				INFOPLIST_KEY_UISupportedInterfaceOrientations_iPhone = "UIInterfaceOrientationPortrait UIInterfaceOrientationLandscapeLeft UIInterfaceOrientationLandscapeRight";
				LD_RUNPATH_SEARCH_PATHS = (
					"$(inherited)",
					"@executable_path/Frameworks",
				);
				MARKETING_VERSION = 1.0;
				PRODUCT_BUNDLE_IDENTIFIER = eldon.HabitChallenge;
				PRODUCT_NAME = "$(TARGET_NAME)";
				SWIFT_EMIT_LOC_STRINGS = YES;
				SWIFT_VERSION = 5.0;
				TARGETED_DEVICE_FAMILY = "1,2";
			};
			name = Debug;
		};
		FFB2C84F2FB254F5004CC593 /* Release */ = {
			isa = XCBuildConfiguration;
			buildSettings = {
				ASSETCATALOG_COMPILER_APPICON_NAME = AppIcon;
				ASSETCATALOG_COMPILER_GLOBAL_ACCENT_COLOR_NAME = AccentColor;
				CODE_SIGN_STYLE = Automatic;
				CURRENT_PROJECT_VERSION = 1;
				DEVELOPMENT_ASSET_PATHS = "\"HabitChallenge/Preview Content\"";
				ENABLE_PREVIEWS = YES;
				GENERATE_INFOPLIST_FILE = YES;
				INFOPLIST_KEY_UIApplicationSceneManifest_Generation = YES;
				INFOPLIST_KEY_UIApplicationSupportsIndirectInputEvents = YES;
				INFOPLIST_KEY_UILaunchScreen_Generation = YES;
				INFOPLIST_KEY_UISupportedInterfaceOrientations_iPad = "UIInterfaceOrientationPortrait UIInterfaceOrientationPortraitUpsideDown UIInterfaceOrientationLandscapeLeft UIInterfaceOrientationLandscapeRight";
				INFOPLIST_KEY_UISupportedInterfaceOrientations_iPhone = "UIInterfaceOrientationPortrait UIInterfaceOrientationLandscapeLeft UIInterfaceOrientationLandscapeRight";
				LD_RUNPATH_SEARCH_PATHS = (
					"$(inherited)",
					"@executable_path/Frameworks",
				);
				MARKETING_VERSION = 1.0;
				PRODUCT_BUNDLE_IDENTIFIER = eldon.HabitChallenge;
				PRODUCT_NAME = "$(TARGET_NAME)";
				SWIFT_EMIT_LOC_STRINGS = YES;
				SWIFT_VERSION = 5.0;
				TARGETED_DEVICE_FAMILY = "1,2";
			};
			name = Release;
		};
/* End XCBuildConfiguration section */

/* Begin XCConfigurationList section */
		FFB2C83A2FB254EC004CC593 /* Build configuration list for PBXProject "HabitChallenge" */ = {
			isa = XCConfigurationList;
			buildConfigurations = (
				FFB2C84B2FB254F5004CC593 /* Debug */,
				FFB2C84C2FB254F5004CC593 /* Release */,
			);
			defaultConfigurationIsVisible = 0;
			defaultConfigurationName = Release;
		};
		FFB2C84D2FB254F5004CC593 /* Build configuration list for PBXNativeTarget "HabitChallenge" */ = {
			isa = XCConfigurationList;
			buildConfigurations = (
				FFB2C84E2FB254F5004CC593 /* Debug */,
				FFB2C84F2FB254F5004CC593 /* Release */,
			);
			defaultConfigurationIsVisible = 0;
			defaultConfigurationName = Release;
		};
/* End XCConfigurationList section */
	};
	rootObject = FFB2C8372FB254EC004CC593 /* Project object */;
}
